
Microsoft Visual Studio Solution File, Format Version 12.00
# Visual Studio Version 17
VisualStudioVersion = 17.9.34622.214
MinimumVisualStudioVersion = 10.0.40219.1
Project("{FAE04EC0-301F-11D3-BF4B-00C04F79EFBC}") = "Prctica6", "Prctica6\Prctica6.csproj", "{AC42C51F-55DB-4DC5-B24A-D442CCB1E5B9}"
EndProject
Global
	GlobalSection(SolutionConfigurationPlatforms) = preSolution
		Debug|Any CPU = Debug|Any CPU
		Release|Any CPU = Release|Any CPU
	EndGlobalSection
	GlobalSection(ProjectConfigurationPlatforms) = postSolution
		{AC42C51F-55DB-4DC5-B24A-D442CCB1E5B9}.Debug|Any CPU.ActiveCfg = Debug|Any CPU
		{AC42C51F-55DB-4DC5-B24A-D442CCB1E5B9}.Debug|Any CPU.Build.0 = Debug|Any CPU
		{AC42C51F-55DB-4DC5-B24A-D442CCB1E5B9}.Release|Any CPU.ActiveCfg = Release|Any CPU
		{AC42C51F-55DB-4DC5-B24A-D442CCB1E5B9}.Release|Any CPU.Build.0 = Release|Any CPU
	EndGlobalSection
	GlobalSection(SolutionProperties) = preSolution
		HideSolutionNode = FALSE
	EndGlobalSection
	GlobalSection(ExtensibilityGlobals) = postSolution
		SolutionGuid = {F014A604-6CA6-465E-8A29-8C1EA4D456BF}
	EndGlobalSection
EndGlobal
